// !$*UTF8*$!
{
	archiveVersion = 1;
	classes = {
	};
	objectVersion = 56;
	objects = {

/* Begin PBXBuildFile section */
		A301967D2B1A143D0038272A /* ProfileService.swift in Sources */ = {isa = PBXBuildFile; fileRef = A301967C2B1A143D0038272A /* ProfileService.swift */; };
		A330EE412B585476000B841B /* Kingfisher in Frameworks */ = {isa = PBXBuildFile; productRef = A330EE402B585476000B841B /* Kingfisher */; };
		A33899002B5E682D00C62AA4 /* SwiftKeychainWrapper in Frameworks */ = {isa = PBXBuildFile; productRef = A33898FF2B5E682D00C62AA4 /* SwiftKeychainWrapper */; };
		A33899022B5EAA9B00C62AA4 /* TabBarController.swift in Sources */ = {isa = PBXBuildFile; fileRef = A33899012B5EAA9B00C62AA4 /* TabBarController.swift */; };
		A341E62B2AFAB75F006F1C28 /* WebViewViewController.swift in Sources */ = {isa = PBXBuildFile; fileRef = A341E62A2AFAB75F006F1C28 /* WebViewViewController.swift */; };
		A349917E2AEBEC610097E4F7 /* Constants.swift in Sources */ = {isa = PBXBuildFile; fileRef = A349917D2AEBEC610097E4F7 /* Constants.swift */; };
		A35E8BCF2A9E2BE3007A71F5 /* SingleImageViewController.swift in Sources */ = {isa = PBXBuildFile; fileRef = A35E8BCE2A9E2BE3007A71F5 /* SingleImageViewController.swift */; };
		A37E59362B23811800CAF4BB /* URLRequestBuilder.swift in Sources */ = {isa = PBXBuildFile; fileRef = A37E59352B23811800CAF4BB /* URLRequestBuilder.swift */; };
		A392355A2B04F3E6001A4526 /* OAuth2Service.swift in Sources */ = {isa = PBXBuildFile; fileRef = A39235592B04F3E6001A4526 /* OAuth2Service.swift */; };
		A392355C2B057398001A4526 /* SplashViewController.swift in Sources */ = {isa = PBXBuildFile; fileRef = A392355B2B057398001A4526 /* SplashViewController.swift */; };
		A39235612B058A84001A4526 /* OAuth2TokenStorage.swift in Sources */ = {isa = PBXBuildFile; fileRef = A39235602B058A84001A4526 /* OAuth2TokenStorage.swift */; };
		A3A1C5162B2766E600048A07 /* URLSession+Extensions.swift in Sources */ = {isa = PBXBuildFile; fileRef = A3A1C5152B2766E600048A07 /* URLSession+Extensions.swift */; };
		A3A1C5182B27679800048A07 /* URLRequest+Extensions.swift in Sources */ = {isa = PBXBuildFile; fileRef = A3A1C5172B27679800048A07 /* URLRequest+Extensions.swift */; };
		A3AEB4D92B29FD230036C5C5 /* AlertPresenter.swift in Sources */ = {isa = PBXBuildFile; fileRef = A3AEB4D82B29FD230036C5C5 /* AlertPresenter.swift */; };
		A3AEB4DB2B2A15F60036C5C5 /* ProfileImageService.swift in Sources */ = {isa = PBXBuildFile; fileRef = A3AEB4DA2B2A15F60036C5C5 /* ProfileImageService.swift */; };
		A3AEB4DD2B2A196D0036C5C5 /* ProfileStructures.swift in Sources */ = {isa = PBXBuildFile; fileRef = A3AEB4DC2B2A196D0036C5C5 /* ProfileStructures.swift */; };
		A3B7F1442B18895E006A8254 /* UIBlockingProgressHUD.swift in Sources */ = {isa = PBXBuildFile; fileRef = A3B7F1432B18895E006A8254 /* UIBlockingProgressHUD.swift */; };
		A3B823A72AE1C38900B8F8A4 /* ProfileViewController.swift in Sources */ = {isa = PBXBuildFile; fileRef = A3B823A62AE1C38900B8F8A4 /* ProfileViewController.swift */; };
		A3D59B492B0E3DCD000F3831 /* ProgressHUD in Frameworks */ = {isa = PBXBuildFile; productRef = A3D59B482B0E3DCD000F3831 /* ProgressHUD */; };
		A3D9826B2AF4D29C00D11CB1 /* AuthViewController.swift in Sources */ = {isa = PBXBuildFile; fileRef = A3D9826A2AF4D29C00D11CB1 /* AuthViewController.swift */; };
		A3EAFFEF2A8A7006003566BD /* ImagesListCell.swift in Sources */ = {isa = PBXBuildFile; fileRef = A3EAFFEE2A8A7006003566BD /* ImagesListCell.swift */; };
		A3ED98852A825BD000961A9E /* UIColor+Extensions.swift in Sources */ = {isa = PBXBuildFile; fileRef = A3ED98842A825BD000961A9E /* UIColor+Extensions.swift */; };
		A3F869262A7EA96C0092692D /* AppDelegate.swift in Sources */ = {isa = PBXBuildFile; fileRef = A3F869252A7EA96C0092692D /* AppDelegate.swift */; };
		A3F869282A7EA96C0092692D /* SceneDelegate.swift in Sources */ = {isa = PBXBuildFile; fileRef = A3F869272A7EA96C0092692D /* SceneDelegate.swift */; };
		A3F8692A2A7EA96C0092692D /* ImagesListViewController.swift in Sources */ = {isa = PBXBuildFile; fileRef = A3F869292A7EA96C0092692D /* ImagesListViewController.swift */; };
		A3F8692D2A7EA96C0092692D /* Main.storyboard in Resources */ = {isa = PBXBuildFile; fileRef = A3F8692B2A7EA96C0092692D /* Main.storyboard */; };
		A3F8692F2A7EA96E0092692D /* Assets.xcassets in Resources */ = {isa = PBXBuildFile; fileRef = A3F8692E2A7EA96E0092692D /* Assets.xcassets */; };
		A3F869322A7EA96E0092692D /* LaunchScreen.storyboard in Resources */ = {isa = PBXBuildFile; fileRef = A3F869302A7EA96E0092692D /* LaunchScreen.storyboard */; };
/* End PBXBuildFile section */

/* Begin PBXFileReference section */
		A301967C2B1A143D0038272A /* ProfileService.swift */ = {isa = PBXFileReference; lastKnownFileType = sourcecode.swift; path = ProfileService.swift; sourceTree = "<group>"; };
		A33899012B5EAA9B00C62AA4 /* TabBarController.swift */ = {isa = PBXFileReference; lastKnownFileType = sourcecode.swift; path = TabBarController.swift; sourceTree = "<group>"; };
		A341E62A2AFAB75F006F1C28 /* WebViewViewController.swift */ = {isa = PBXFileReference; lastKnownFileType = sourcecode.swift; path = WebViewViewController.swift; sourceTree = "<group>"; };
		A349917D2AEBEC610097E4F7 /* Constants.swift */ = {isa = PBXFileReference; lastKnownFileType = sourcecode.swift; path = Constants.swift; sourceTree = "<group>"; };
		A35E8BCE2A9E2BE3007A71F5 /* SingleImageViewController.swift */ = {isa = PBXFileReference; lastKnownFileType = sourcecode.swift; path = SingleImageViewController.swift; sourceTree = "<group>"; };
		A37E59352B23811800CAF4BB /* URLRequestBuilder.swift */ = {isa = PBXFileReference; lastKnownFileType = sourcecode.swift; path = URLRequestBuilder.swift; sourceTree = "<group>"; };
		A39235592B04F3E6001A4526 /* OAuth2Service.swift */ = {isa = PBXFileReference; lastKnownFileType = sourcecode.swift; path = OAuth2Service.swift; sourceTree = "<group>"; };
		A392355B2B057398001A4526 /* SplashViewController.swift */ = {isa = PBXFileReference; lastKnownFileType = sourcecode.swift; path = SplashViewController.swift; sourceTree = "<group>"; };
		A39235602B058A84001A4526 /* OAuth2TokenStorage.swift */ = {isa = PBXFileReference; lastKnownFileType = sourcecode.swift; path = OAuth2TokenStorage.swift; sourceTree = "<group>"; };
		A3A1C5152B2766E600048A07 /* URLSession+Extensions.swift */ = {isa = PBXFileReference; lastKnownFileType = sourcecode.swift; path = "URLSession+Extensions.swift"; sourceTree = "<group>"; };
		A3A1C5172B27679800048A07 /* URLRequest+Extensions.swift */ = {isa = PBXFileReference; lastKnownFileType = sourcecode.swift; path = "URLRequest+Extensions.swift"; sourceTree = "<group>"; };
		A3AEB4D82B29FD230036C5C5 /* AlertPresenter.swift */ = {isa = PBXFileReference; lastKnownFileType = sourcecode.swift; path = AlertPresenter.swift; sourceTree = "<group>"; };
		A3AEB4DA2B2A15F60036C5C5 /* ProfileImageService.swift */ = {isa = PBXFileReference; lastKnownFileType = sourcecode.swift; path = ProfileImageService.swift; sourceTree = "<group>"; };
		A3AEB4DC2B2A196D0036C5C5 /* ProfileStructures.swift */ = {isa = PBXFileReference; lastKnownFileType = sourcecode.swift; path = ProfileStructures.swift; sourceTree = "<group>"; };
		A3B7F1432B18895E006A8254 /* UIBlockingProgressHUD.swift */ = {isa = PBXFileReference; lastKnownFileType = sourcecode.swift; path = UIBlockingProgressHUD.swift; sourceTree = "<group>"; };
		A3B823A62AE1C38900B8F8A4 /* ProfileViewController.swift */ = {isa = PBXFileReference; lastKnownFileType = sourcecode.swift; path = ProfileViewController.swift; sourceTree = "<group>"; };
		A3D9826A2AF4D29C00D11CB1 /* AuthViewController.swift */ = {isa = PBXFileReference; lastKnownFileType = sourcecode.swift; path = AuthViewController.swift; sourceTree = "<group>"; };
		A3EAFFEE2A8A7006003566BD /* ImagesListCell.swift */ = {isa = PBXFileReference; lastKnownFileType = sourcecode.swift; path = ImagesListCell.swift; sourceTree = "<group>"; };
		A3ED98842A825BD000961A9E /* UIColor+Extensions.swift */ = {isa = PBXFileReference; lastKnownFileType = sourcecode.swift; path = "UIColor+Extensions.swift"; sourceTree = "<group>"; };
		A3F869222A7EA96C0092692D /* ImageFeed.app */ = {isa = PBXFileReference; explicitFileType = wrapper.application; includeInIndex = 0; path = ImageFeed.app; sourceTree = BUILT_PRODUCTS_DIR; };
		A3F869252A7EA96C0092692D /* AppDelegate.swift */ = {isa = PBXFileReference; lastKnownFileType = sourcecode.swift; path = AppDelegate.swift; sourceTree = "<group>"; };
		A3F869272A7EA96C0092692D /* SceneDelegate.swift */ = {isa = PBXFileReference; lastKnownFileType = sourcecode.swift; path = SceneDelegate.swift; sourceTree = "<group>"; };
		A3F869292A7EA96C0092692D /* ImagesListViewController.swift */ = {isa = PBXFileReference; lastKnownFileType = sourcecode.swift; path = ImagesListViewController.swift; sourceTree = "<group>"; };
		A3F8692C2A7EA96C0092692D /* Base */ = {isa = PBXFileReference; lastKnownFileType = file.storyboard; name = Base; path = Base.lproj/Main.storyboard; sourceTree = "<group>"; };
		A3F8692E2A7EA96E0092692D /* Assets.xcassets */ = {isa = PBXFileReference; lastKnownFileType = folder.assetcatalog; path = Assets.xcassets; sourceTree = "<group>"; };
		A3F869312A7EA96E0092692D /* Base */ = {isa = PBXFileReference; lastKnownFileType = file.storyboard; name = Base; path = Base.lproj/LaunchScreen.storyboard; sourceTree = "<group>"; };
		A3F869332A7EA96E0092692D /* Info.plist */ = {isa = PBXFileReference; lastKnownFileType = text.plist.xml; path = Info.plist; sourceTree = "<group>"; };
/* End PBXFileReference section */

/* Begin PBXFrameworksBuildPhase section */
		A3F8691F2A7EA96C0092692D /* Frameworks */ = {
			isa = PBXFrameworksBuildPhase;
			buildActionMask = 2147483647;
			files = (
				A330EE412B585476000B841B /* Kingfisher in Frameworks */,
				A3D59B492B0E3DCD000F3831 /* ProgressHUD in Frameworks */,
				A33899002B5E682D00C62AA4 /* SwiftKeychainWrapper in Frameworks */,
			);
			runOnlyForDeploymentPostprocessing = 0;
		};
/* End PBXFrameworksBuildPhase section */

/* Begin PBXGroup section */
		A368B4BC2AA0B8910051AF22 /* SingleImageView */ = {
			isa = PBXGroup;
			children = (
				A35E8BCE2A9E2BE3007A71F5 /* SingleImageViewController.swift */,
			);
			path = SingleImageView;
			sourceTree = "<group>";
		};
		A392355D2B058A12001A4526 /* SplashViewController */ = {
			isa = PBXGroup;
			children = (
				A392355B2B057398001A4526 /* SplashViewController.swift */,
			);
			path = SplashViewController;
			sourceTree = "<group>";
		};
		A392355E2B058A4F001A4526 /* ServiceAccessLayer */ = {
			isa = PBXGroup;
			children = (
				A392355F2B058A56001A4526 /* OAuth2 */,
			);
			path = ServiceAccessLayer;
			sourceTree = "<group>";
		};
		A392355F2B058A56001A4526 /* OAuth2 */ = {
			isa = PBXGroup;
			children = (
				A39235592B04F3E6001A4526 /* OAuth2Service.swift */,
				A39235602B058A84001A4526 /* OAuth2TokenStorage.swift */,
			);
			path = OAuth2;
			sourceTree = "<group>";
		};
		A3B823A82AE1CD3F00B8F8A4 /* Profile */ = {
			isa = PBXGroup;
			children = (
				A3B823A62AE1C38900B8F8A4 /* ProfileViewController.swift */,
				A3AEB4DA2B2A15F60036C5C5 /* ProfileImageService.swift */,
				A301967C2B1A143D0038272A /* ProfileService.swift */,
				A3AEB4DC2B2A196D0036C5C5 /* ProfileStructures.swift */,
			);
			path = Profile;
			sourceTree = "<group>";
		};
		A3D9826C2AF4D2EB00D11CB1 /* Auth */ = {
			isa = PBXGroup;
			children = (
				A3D9826A2AF4D29C00D11CB1 /* AuthViewController.swift */,
				A341E62A2AFAB75F006F1C28 /* WebViewViewController.swift */,
			);
			path = Auth;
			sourceTree = "<group>";
		};
		A3EAFFF02A8A705C003566BD /* ImagesList */ = {
			isa = PBXGroup;
			children = (
				A3F869292A7EA96C0092692D /* ImagesListViewController.swift */,
				A3EAFFEE2A8A7006003566BD /* ImagesListCell.swift */,
			);
			path = ImagesList;
			sourceTree = "<group>";
		};
		A3EAFFF12A8A7126003566BD /* Resources */ = {
			isa = PBXGroup;
			children = (
				A3F869302A7EA96E0092692D /* LaunchScreen.storyboard */,
				A3F8692E2A7EA96E0092692D /* Assets.xcassets */,
				A3F869332A7EA96E0092692D /* Info.plist */,
			);
			path = Resources;
			sourceTree = "<group>";
		};
		A3ED98862A825EB600961A9E /* Helpers */ = {
			isa = PBXGroup;
			children = (
				A3ED98842A825BD000961A9E /* UIColor+Extensions.swift */,
				A3A1C5152B2766E600048A07 /* URLSession+Extensions.swift */,
				A3A1C5172B27679800048A07 /* URLRequest+Extensions.swift */,
				A37E59352B23811800CAF4BB /* URLRequestBuilder.swift */,
				A3AEB4D82B29FD230036C5C5 /* AlertPresenter.swift */,
			);
			path = Helpers;
			sourceTree = "<group>";
		};
		A3F869192A7EA96C0092692D = {
			isa = PBXGroup;
			children = (
				A3F869242A7EA96C0092692D /* ImageFeed */,
				A3F869232A7EA96C0092692D /* Products */,
			);
			sourceTree = "<group>";
		};
		A3F869232A7EA96C0092692D /* Products */ = {
			isa = PBXGroup;
			children = (
				A3F869222A7EA96C0092692D /* ImageFeed.app */,
			);
			name = Products;
			sourceTree = "<group>";
		};
		A3F869242A7EA96C0092692D /* ImageFeed */ = {
			isa = PBXGroup;
			children = (
				A392355E2B058A4F001A4526 /* ServiceAccessLayer */,
				A392355D2B058A12001A4526 /* SplashViewController */,
				A3D9826C2AF4D2EB00D11CB1 /* Auth */,
				A368B4BC2AA0B8910051AF22 /* SingleImageView */,
				A3B823A82AE1CD3F00B8F8A4 /* Profile */,
				A3EAFFF02A8A705C003566BD /* ImagesList */,
				A3F8692B2A7EA96C0092692D /* Main.storyboard */,
				A3ED98862A825EB600961A9E /* Helpers */,
				A3EAFFF12A8A7126003566BD /* Resources */,
				A3F869252A7EA96C0092692D /* AppDelegate.swift */,
				A349917D2AEBEC610097E4F7 /* Constants.swift */,
				A3F869272A7EA96C0092692D /* SceneDelegate.swift */,
				A3B7F1432B18895E006A8254 /* UIBlockingProgressHUD.swift */,
				A33899012B5EAA9B00C62AA4 /* TabBarController.swift */,
			);
			path = ImageFeed;
			sourceTree = "<group>";
		};
/* End PBXGroup section */

/* Begin PBXNativeTarget section */
		A3F869212A7EA96C0092692D /* ImageFeed */ = {
			isa = PBXNativeTarget;
			buildConfigurationList = A3F869362A7EA96E0092692D /* Build configuration list for PBXNativeTarget "ImageFeed" */;
			buildPhases = (
				A3F8691E2A7EA96C0092692D /* Sources */,
				A3F8691F2A7EA96C0092692D /* Frameworks */,
				A3F869202A7EA96C0092692D /* Resources */,
			);
			buildRules = (
			);
			dependencies = (
			);
			name = ImageFeed;
			packageProductDependencies = (
				A3D59B482B0E3DCD000F3831 /* ProgressHUD */,
				A330EE402B585476000B841B /* Kingfisher */,
				A33898FF2B5E682D00C62AA4 /* SwiftKeychainWrapper */,
			);
			productName = ImageFeed;
			productReference = A3F869222A7EA96C0092692D /* ImageFeed.app */;
			productType = "com.apple.product-type.application";
		};
/* End PBXNativeTarget section */

/* Begin PBXProject section */
		A3F8691A2A7EA96C0092692D /* Project object */ = {
			isa = PBXProject;
			attributes = {
				BuildIndependentTargetsInParallel = 1;
				LastSwiftUpdateCheck = 1430;
				LastUpgradeCheck = 1430;
				TargetAttributes = {
					A3F869212A7EA96C0092692D = {
						CreatedOnToolsVersion = 14.3;
					};
				};
			};
			buildConfigurationList = A3F8691D2A7EA96C0092692D /* Build configuration list for PBXProject "ImageFeed" */;
			compatibilityVersion = "Xcode 14.0";
			developmentRegion = en;
			hasScannedForEncodings = 0;
			knownRegions = (
				en,
				Base,
			);
			mainGroup = A3F869192A7EA96C0092692D;
			packageReferences = (
				A3D59B472B0E3DCD000F3831 /* XCRemoteSwiftPackageReference "ProgressHUD" */,
				A330EE3F2B585475000B841B /* XCRemoteSwiftPackageReference "Kingfisher" */,
				A33898FE2B5E682D00C62AA4 /* XCRemoteSwiftPackageReference "SwiftKeychainWrapper" */,
			);
			productRefGroup = A3F869232A7EA96C0092692D /* Products */;
			projectDirPath = "";
			projectRoot = "";
			targets = (
				A3F869212A7EA96C0092692D /* ImageFeed */,
			);
		};
/* End PBXProject section */

/* Begin PBXResourcesBuildPhase section */
		A3F869202A7EA96C0092692D /* Resources */ = {
			isa = PBXResourcesBuildPhase;
			buildActionMask = 2147483647;
			files = (
				A3F869322A7EA96E0092692D /* LaunchScreen.storyboard in Resources */,
				A3F8692F2A7EA96E0092692D /* Assets.xcassets in Resources */,
				A3F8692D2A7EA96C0092692D /* Main.storyboard in Resources */,
			);
			runOnlyForDeploymentPostprocessing = 0;
		};
/* End PBXResourcesBuildPhase section */

/* Begin PBXSourcesBuildPhase section */
		A3F8691E2A7EA96C0092692D /* Sources */ = {
			isa = PBXSourcesBuildPhase;
			buildActionMask = 2147483647;
			files = (
				A341E62B2AFAB75F006F1C28 /* WebViewViewController.swift in Sources */,
				A3F8692A2A7EA96C0092692D /* ImagesListViewController.swift in Sources */,
				A3F869262A7EA96C0092692D /* AppDelegate.swift in Sources */,
				A3A1C5182B27679800048A07 /* URLRequest+Extensions.swift in Sources */,
				A392355C2B057398001A4526 /* SplashViewController.swift in Sources */,
				A3EAFFEF2A8A7006003566BD /* ImagesListCell.swift in Sources */,
				A3A1C5162B2766E600048A07 /* URLSession+Extensions.swift in Sources */,
				A37E59362B23811800CAF4BB /* URLRequestBuilder.swift in Sources */,
				A392355A2B04F3E6001A4526 /* OAuth2Service.swift in Sources */,
				A3F869282A7EA96C0092692D /* SceneDelegate.swift in Sources */,
				A3B823A72AE1C38900B8F8A4 /* ProfileViewController.swift in Sources */,
				A35E8BCF2A9E2BE3007A71F5 /* SingleImageViewController.swift in Sources */,
				A3ED98852A825BD000961A9E /* UIColor+Extensions.swift in Sources */,
				A33899022B5EAA9B00C62AA4 /* TabBarController.swift in Sources */,
				A3D9826B2AF4D29C00D11CB1 /* AuthViewController.swift in Sources */,
				A39235612B058A84001A4526 /* OAuth2TokenStorage.swift in Sources */,
				A3AEB4D92B29FD230036C5C5 /* AlertPresenter.swift in Sources */,
				A3AEB4DD2B2A196D0036C5C5 /* ProfileStructures.swift in Sources */,
				A349917E2AEBEC610097E4F7 /* Constants.swift in Sources */,
				A3AEB4DB2B2A15F60036C5C5 /* ProfileImageService.swift in Sources */,
				A3B7F1442B18895E006A8254 /* UIBlockingProgressHUD.swift in Sources */,
				A301967D2B1A143D0038272A /* ProfileService.swift in Sources */,
			);
			runOnlyForDeploymentPostprocessing = 0;
		};
/* End PBXSourcesBuildPhase section */

/* Begin PBXVariantGroup section */
		A3F8692B2A7EA96C0092692D /* Main.storyboard */ = {
			isa = PBXVariantGroup;
			children = (
				A3F8692C2A7EA96C0092692D /* Base */,
			);
			name = Main.storyboard;
			sourceTree = "<group>";
		};
		A3F869302A7EA96E0092692D /* LaunchScreen.storyboard */ = {
			isa = PBXVariantGroup;
			children = (
				A3F869312A7EA96E0092692D /* Base */,
			);
			name = LaunchScreen.storyboard;
			sourceTree = "<group>";
		};
/* End PBXVariantGroup section */

/* Begin XCBuildConfiguration section */
		A3F869342A7EA96E0092692D /* Debug */ = {
			isa = XCBuildConfiguration;
			buildSettings = {
				ALWAYS_SEARCH_USER_PATHS = NO;
				CLANG_ANALYZER_NONNULL = YES;
				CLANG_ANALYZER_NUMBER_OBJECT_CONVERSION = YES_AGGRESSIVE;
				CLANG_CXX_LANGUAGE_STANDARD = "gnu++20";
				CLANG_ENABLE_MODULES = YES;
				CLANG_ENABLE_OBJC_ARC = YES;
				CLANG_ENABLE_OBJC_WEAK = YES;
				CLANG_WARN_BLOCK_CAPTURE_AUTORELEASING = YES;
				CLANG_WARN_BOOL_CONVERSION = YES;
				CLANG_WARN_COMMA = YES;
				CLANG_WARN_CONSTANT_CONVERSION = YES;
				CLANG_WARN_DEPRECATED_OBJC_IMPLEMENTATIONS = YES;
				CLANG_WARN_DIRECT_OBJC_ISA_USAGE = YES_ERROR;
				CLANG_WARN_DOCUMENTATION_COMMENTS = YES;
				CLANG_WARN_EMPTY_BODY = YES;
				CLANG_WARN_ENUM_CONVERSION = YES;
				CLANG_WARN_INFINITE_RECURSION = YES;
				CLANG_WARN_INT_CONVERSION = YES;
				CLANG_WARN_NON_LITERAL_NULL_CONVERSION = YES;
				CLANG_WARN_OBJC_IMPLICIT_RETAIN_SELF = YES;
				CLANG_WARN_OBJC_LITERAL_CONVERSION = YES;
				CLANG_WARN_OBJC_ROOT_CLASS = YES_ERROR;
				CLANG_WARN_QUOTED_INCLUDE_IN_FRAMEWORK_HEADER = YES;
				CLANG_WARN_RANGE_LOOP_ANALYSIS = YES;
				CLANG_WARN_STRICT_PROTOTYPES = YES;
				CLANG_WARN_SUSPICIOUS_MOVE = YES;
				CLANG_WARN_UNGUARDED_AVAILABILITY = YES_AGGRESSIVE;
				CLANG_WARN_UNREACHABLE_CODE = YES;
				CLANG_WARN__DUPLICATE_METHOD_MATCH = YES;
				COPY_PHASE_STRIP = NO;
				DEBUG_INFORMATION_FORMAT = dwarf;
				ENABLE_STRICT_OBJC_MSGSEND = YES;
				ENABLE_TESTABILITY = YES;
				GCC_C_LANGUAGE_STANDARD = gnu11;
				GCC_DYNAMIC_NO_PIC = NO;
				GCC_NO_COMMON_BLOCKS = YES;
				GCC_OPTIMIZATION_LEVEL = 0;
				GCC_PREPROCESSOR_DEFINITIONS = (
					"DEBUG=1",
					"$(inherited)",
				);
				GCC_WARN_64_TO_32_BIT_CONVERSION = YES;
				GCC_WARN_ABOUT_RETURN_TYPE = YES_ERROR;
				GCC_WARN_UNDECLARED_SELECTOR = YES;
				GCC_WARN_UNINITIALIZED_AUTOS = YES_AGGRESSIVE;
				GCC_WARN_UNUSED_FUNCTION = YES;
				GCC_WARN_UNUSED_VARIABLE = YES;
				IPHONEOS_DEPLOYMENT_TARGET = 13.0;
				MTL_ENABLE_DEBUG_INFO = INCLUDE_SOURCE;
				MTL_FAST_MATH = YES;
				ONLY_ACTIVE_ARCH = YES;
				SDKROOT = iphoneos;
				SWIFT_ACTIVE_COMPILATION_CONDITIONS = DEBUG;
				SWIFT_OPTIMIZATION_LEVEL = "-Onone";
			};
			name = Debug;
		};
		A3F869352A7EA96E0092692D /* Release */ = {
			isa = XCBuildConfiguration;
			buildSettings = {
				ALWAYS_SEARCH_USER_PATHS = NO;
				CLANG_ANALYZER_NONNULL = YES;
				CLANG_ANALYZER_NUMBER_OBJECT_CONVERSION = YES_AGGRESSIVE;
				CLANG_CXX_LANGUAGE_STANDARD = "gnu++20";
				CLANG_ENABLE_MODULES = YES;
				CLANG_ENABLE_OBJC_ARC = YES;
				CLANG_ENABLE_OBJC_WEAK = YES;
				CLANG_WARN_BLOCK_CAPTURE_AUTORELEASING = YES;
				CLANG_WARN_BOOL_CONVERSION = YES;
				CLANG_WARN_COMMA = YES;
				CLANG_WARN_CONSTANT_CONVERSION = YES;
				CLANG_WARN_DEPRECATED_OBJC_IMPLEMENTATIONS = YES;
				CLANG_WARN_DIRECT_OBJC_ISA_USAGE = YES_ERROR;
				CLANG_WARN_DOCUMENTATION_COMMENTS = YES;
				CLANG_WARN_EMPTY_BODY = YES;
				CLANG_WARN_ENUM_CONVERSION = YES;
				CLANG_WARN_INFINITE_RECURSION = YES;
				CLANG_WARN_INT_CONVERSION = YES;
				CLANG_WARN_NON_LITERAL_NULL_CONVERSION = YES;
				CLANG_WARN_OBJC_IMPLICIT_RETAIN_SELF = YES;
				CLANG_WARN_OBJC_LITERAL_CONVERSION = YES;
				CLANG_WARN_OBJC_ROOT_CLASS = YES_ERROR;
				CLANG_WARN_QUOTED_INCLUDE_IN_FRAMEWORK_HEADER = YES;
				CLANG_WARN_RANGE_LOOP_ANALYSIS = YES;
				CLANG_WARN_STRICT_PROTOTYPES = YES;
				CLANG_WARN_SUSPICIOUS_MOVE = YES;
				CLANG_WARN_UNGUARDED_AVAILABILITY = YES_AGGRESSIVE;
				CLANG_WARN_UNREACHABLE_CODE = YES;
				CLANG_WARN__DUPLICATE_METHOD_MATCH = YES;
				COPY_PHASE_STRIP = NO;
				DEBUG_INFORMATION_FORMAT = "dwarf-with-dsym";
				ENABLE_NS_ASSERTIONS = NO;
				ENABLE_STRICT_OBJC_MSGSEND = YES;
				GCC_C_LANGUAGE_STANDARD = gnu11;
				GCC_NO_COMMON_BLOCKS = YES;
				GCC_WARN_64_TO_32_BIT_CONVERSION = YES;
				GCC_WARN_ABOUT_RETURN_TYPE = YES_ERROR;
				GCC_WARN_UNDECLARED_SELECTOR = YES;
				GCC_WARN_UNINITIALIZED_AUTOS = YES_AGGRESSIVE;
				GCC_WARN_UNUSED_FUNCTION = YES;
				GCC_WARN_UNUSED_VARIABLE = YES;
				IPHONEOS_DEPLOYMENT_TARGET = 13.0;
				MTL_ENABLE_DEBUG_INFO = NO;
				MTL_FAST_MATH = YES;
				SDKROOT = iphoneos;
				SWIFT_COMPILATION_MODE = wholemodule;
				SWIFT_OPTIMIZATION_LEVEL = "-O";
				VALIDATE_PRODUCT = YES;
			};
			name = Release;
		};
		A3F869372A7EA96E0092692D /* Debug */ = {
			isa = XCBuildConfiguration;
			buildSettings = {
				ASSETCATALOG_COMPILER_APPICON_NAME = AppIcon;
				ASSETCATALOG_COMPILER_GLOBAL_ACCENT_COLOR_NAME = AccentColor;
				CODE_SIGN_STYLE = Automatic;
				CURRENT_PROJECT_VERSION = 1;
				DEVELOPMENT_TEAM = 582BQV8Z7D;
				GENERATE_INFOPLIST_FILE = YES;
				INFOPLIST_FILE = ImageFeed/Resources/Info.plist;
				INFOPLIST_KEY_UIApplicationSupportsIndirectInputEvents = YES;
				INFOPLIST_KEY_UILaunchStoryboardName = LaunchScreen;
				INFOPLIST_KEY_UIMainStoryboardFile = Main;
				INFOPLIST_KEY_UISupportedInterfaceOrientations = UIInterfaceOrientationPortrait;
				IPHONEOS_DEPLOYMENT_TARGET = 13.0;
				LD_RUNPATH_SEARCH_PATHS = (
					"$(inherited)",
					"@executable_path/Frameworks",
				);
				MARKETING_VERSION = 1.0;
				PRODUCT_BUNDLE_IDENTIFIER = "com.github-ds-dimaz.ImageFeed";
				PRODUCT_NAME = "$(TARGET_NAME)";
				SUPPORTED_PLATFORMS = "iphoneos iphonesimulator";
				SUPPORTS_MACCATALYST = NO;
				SUPPORTS_MAC_DESIGNED_FOR_IPHONE_IPAD = NO;
				SWIFT_EMIT_LOC_STRINGS = YES;
				SWIFT_VERSION = 5.0;
				TARGETED_DEVICE_FAMILY = 1;
			};
			name = Debug;
		};
		A3F869382A7EA96E0092692D /* Release */ = {
			isa = XCBuildConfiguration;
			buildSettings = {
				ASSETCATALOG_COMPILER_APPICON_NAME = AppIcon;
				ASSETCATALOG_COMPILER_GLOBAL_ACCENT_COLOR_NAME = AccentColor;
				CODE_SIGN_STYLE = Automatic;
				CURRENT_PROJECT_VERSION = 1;
				DEVELOPMENT_TEAM = 582BQV8Z7D;
				GENERATE_INFOPLIST_FILE = YES;
				INFOPLIST_FILE = ImageFeed/Resources/Info.plist;
				INFOPLIST_KEY_UIApplicationSupportsIndirectInputEvents = YES;
				INFOPLIST_KEY_UILaunchStoryboardName = LaunchScreen;
				INFOPLIST_KEY_UIMainStoryboardFile = Main;
				INFOPLIST_KEY_UISupportedInterfaceOrientations = UIInterfaceOrientationPortrait;
				IPHONEOS_DEPLOYMENT_TARGET = 13.0;
				LD_RUNPATH_SEARCH_PATHS = (
					"$(inherited)",
					"@executable_path/Frameworks",
				);
				MARKETING_VERSION = 1.0;
				PRODUCT_BUNDLE_IDENTIFIER = "com.github-ds-dimaz.ImageFeed";
				PRODUCT_NAME = "$(TARGET_NAME)";
				SUPPORTED_PLATFORMS = "iphoneos iphonesimulator";
				SUPPORTS_MACCATALYST = NO;
				SUPPORTS_MAC_DESIGNED_FOR_IPHONE_IPAD = NO;
				SWIFT_EMIT_LOC_STRINGS = YES;
				SWIFT_VERSION = 5.0;
				TARGETED_DEVICE_FAMILY = 1;
			};
			name = Release;
		};
/* End XCBuildConfiguration section */

/* Begin XCConfigurationList section */
		A3F8691D2A7EA96C0092692D /* Build configuration list for PBXProject "ImageFeed" */ = {
			isa = XCConfigurationList;
			buildConfigurations = (
				A3F869342A7EA96E0092692D /* Debug */,
				A3F869352A7EA96E0092692D /* Release */,
			);
			defaultConfigurationIsVisible = 0;
			defaultConfigurationName = Release;
		};
		A3F869362A7EA96E0092692D /* Build configuration list for PBXNativeTarget "ImageFeed" */ = {
			isa = XCConfigurationList;
			buildConfigurations = (
				A3F869372A7EA96E0092692D /* Debug */,
				A3F869382A7EA96E0092692D /* Release */,
			);
			defaultConfigurationIsVisible = 0;
			defaultConfigurationName = Release;
		};
/* End XCConfigurationList section */

/* Begin XCRemoteSwiftPackageReference section */
		A330EE3F2B585475000B841B /* XCRemoteSwiftPackageReference "Kingfisher" */ = {
			isa = XCRemoteSwiftPackageReference;
			repositoryURL = "https://github.com/onevcat/Kingfisher";
			requirement = {
				kind = upToNextMajorVersion;
				minimumVersion = 7.0.0;
			};
		};
		A33898FE2B5E682D00C62AA4 /* XCRemoteSwiftPackageReference "SwiftKeychainWrapper" */ = {
			isa = XCRemoteSwiftPackageReference;
			repositoryURL = "https://github.com/jrendel/SwiftKeychainWrapper";
			requirement = {
				kind = upToNextMajorVersion;
				minimumVersion = 4.0.0;
			};
		};
		A3D59B472B0E3DCD000F3831 /* XCRemoteSwiftPackageReference "ProgressHUD" */ = {
			isa = XCRemoteSwiftPackageReference;
			repositoryURL = "https://github.com/relatedcode/ProgressHUD";
			requirement = {
				kind = exactVersion;
				version = 13.8.6;
			};
		};
/* End XCRemoteSwiftPackageReference section */

/* Begin XCSwiftPackageProductDependency section */
		A330EE402B585476000B841B /* Kingfisher */ = {
			isa = XCSwiftPackageProductDependency;
			package = A330EE3F2B585475000B841B /* XCRemoteSwiftPackageReference "Kingfisher" */;
			productName = Kingfisher;
		};
		A33898FF2B5E682D00C62AA4 /* SwiftKeychainWrapper */ = {
			isa = XCSwiftPackageProductDependency;
			package = A33898FE2B5E682D00C62AA4 /* XCRemoteSwiftPackageReference "SwiftKeychainWrapper" */;
			productName = SwiftKeychainWrapper;
		};
		A3D59B482B0E3DCD000F3831 /* ProgressHUD */ = {
			isa = XCSwiftPackageProductDependency;
			package = A3D59B472B0E3DCD000F3831 /* XCRemoteSwiftPackageReference "ProgressHUD" */;
			productName = ProgressHUD;
		};
/* End XCSwiftPackageProductDependency section */
	};
	rootObject = A3F8691A2A7EA96C0092692D /* Project object */;
}
